
Microsoft Visual Studio Solution File, Format Version 12.00
# Visual Studio 2012
Project("{FAE04EC0-301F-11D3-BF4B-00C04F79EFBC}") = "PhotographySite.Web", "PhotographySite.Web\PhotographySite.Web.csproj", "{1E609337-DD23-4A2D-BADA-22FAB1933765}"
EndProject
Project("{FAE04EC0-301F-11D3-BF4B-00C04F79EFBC}") = "PhotographySite.Web.Tests", "PhotographySite.Web.Tests\PhotographySite.Web.Tests.csproj", "{AC94D2BB-608E-43A4-A274-373D5B73DA97}"
EndProject
Global
	GlobalSection(SolutionConfigurationPlatforms) = preSolution
		Debug|Any CPU = Debug|Any CPU
		Release|Any CPU = Release|Any CPU
	EndGlobalSection
	GlobalSection(ProjectConfigurationPlatforms) = postSolution
		{1E609337-DD23-4A2D-BADA-22FAB1933765}.Debug|Any CPU.ActiveCfg = Debug|Any CPU
		{1E609337-DD23-4A2D-BADA-22FAB1933765}.Debug|Any CPU.Build.0 = Debug|Any CPU
		{1E609337-DD23-4A2D-BADA-22FAB1933765}.Release|Any CPU.ActiveCfg = Release|Any CPU
		{1E609337-DD23-4A2D-BADA-22FAB1933765}.Release|Any CPU.Build.0 = Release|Any CPU
		{AC94D2BB-608E-43A4-A274-373D5B73DA97}.Debug|Any CPU.ActiveCfg = Debug|Any CPU
		{AC94D2BB-608E-43A4-A274-373D5B73DA97}.Debug|Any CPU.Build.0 = Debug|Any CPU
		{AC94D2BB-608E-43A4-A274-373D5B73DA97}.Release|Any CPU.ActiveCfg = Release|Any CPU
		{AC94D2BB-608E-43A4-A274-373D5B73DA97}.Release|Any CPU.Build.0 = Release|Any CPU
	EndGlobalSection
	GlobalSection(SolutionProperties) = preSolution
		HideSolutionNode = FALSE
	EndGlobalSection
EndGlobal
